
Microsoft Visual Studio Solution File, Format Version 12.00
# Visual Studio Version 17
VisualStudioVersion = 17.11.35312.102
MinimumVisualStudioVersion = 10.0.40219.1
Project("{FAE04EC0-301F-11D3-BF4B-00C04F79EFBC}") = "WebOrderTracker", "WebOrderTracker\WebOrderTracker.csproj", "{F93AEF92-8FE7-44A4-9E4E-B36D4D3B9D3C}"
EndProject
Project("{FAE04EC0-301F-11D3-BF4B-00C04F79EFBC}") = "WebOrderTracker.Common", "WebOrderTracker.Common\WebOrderTracker.Common.csproj", "{2EE694E0-E659-4E02-B6AD-55CF7008EE6F}"
EndProject
Project("{FAE04EC0-301F-11D3-BF4B-00C04F79EFBC}") = "WebOrderTracker.Business", "WebOrderTracker.Business\WebOrderTracker.Business.csproj", "{DA810B25-5EE6-47F4-8D38-E191A7F0C7E7}"
EndProject
Project("{FAE04EC0-301F-11D3-BF4B-00C04F79EFBC}") = "WebOrderTracker.DataLayer", "WebOrderTracker.DataLayer\WebOrderTracker.DataLayer.csproj", "{C69F32E1-968D-4980-9FA4-A767BCFB32FF}"
EndProject
Global
	GlobalSection(SolutionConfigurationPlatforms) = preSolution
		Debug|Any CPU = Debug|Any CPU
		Release|Any CPU = Release|Any CPU
	EndGlobalSection
	GlobalSection(ProjectConfigurationPlatforms) = postSolution
		{F93AEF92-8FE7-44A4-9E4E-B36D4D3B9D3C}.Debug|Any CPU.ActiveCfg = Debug|Any CPU
		{F93AEF92-8FE7-44A4-9E4E-B36D4D3B9D3C}.Debug|Any CPU.Build.0 = Debug|Any CPU
		{F93AEF92-8FE7-44A4-9E4E-B36D4D3B9D3C}.Release|Any CPU.ActiveCfg = Release|Any CPU
		{F93AEF92-8FE7-44A4-9E4E-B36D4D3B9D3C}.Release|Any CPU.Build.0 = Release|Any CPU
		{2EE694E0-E659-4E02-B6AD-55CF7008EE6F}.Debug|Any CPU.ActiveCfg = Debug|Any CPU
		{2EE694E0-E659-4E02-B6AD-55CF7008EE6F}.Debug|Any CPU.Build.0 = Debug|Any CPU
		{2EE694E0-E659-4E02-B6AD-55CF7008EE6F}.Release|Any CPU.ActiveCfg = Release|Any CPU
		{2EE694E0-E659-4E02-B6AD-55CF7008EE6F}.Release|Any CPU.Build.0 = Release|Any CPU
		{DA810B25-5EE6-47F4-8D38-E191A7F0C7E7}.Debug|Any CPU.ActiveCfg = Debug|Any CPU
		{DA810B25-5EE6-47F4-8D38-E191A7F0C7E7}.Debug|Any CPU.Build.0 = Debug|Any CPU
		{DA810B25-5EE6-47F4-8D38-E191A7F0C7E7}.Release|Any CPU.ActiveCfg = Release|Any CPU
		{DA810B25-5EE6-47F4-8D38-E191A7F0C7E7}.Release|Any CPU.Build.0 = Release|Any CPU
		{C69F32E1-968D-4980-9FA4-A767BCFB32FF}.Debug|Any CPU.ActiveCfg = Debug|Any CPU
		{C69F32E1-968D-4980-9FA4-A767BCFB32FF}.Debug|Any CPU.Build.0 = Debug|Any CPU
		{C69F32E1-968D-4980-9FA4-A767BCFB32FF}.Release|Any CPU.ActiveCfg = Release|Any CPU
		{C69F32E1-968D-4980-9FA4-A767BCFB32FF}.Release|Any CPU.Build.0 = Release|Any CPU
	EndGlobalSection
	GlobalSection(SolutionProperties) = preSolution
		HideSolutionNode = FALSE
	EndGlobalSection
	GlobalSection(ExtensibilityGlobals) = postSolution
		SolutionGuid = {12C89854-A152-4144-8DD4-07ABD9E7AAA1}
	EndGlobalSection
EndGlobal
